
Microsoft Visual Studio Solution File, Format Version 12.00
# Visual Studio Version 17
VisualStudioVersion = 17.11.35222.181
MinimumVisualStudioVersion = 10.0.40219.1
Project("{778DAE3C-4631-46EA-AA77-85C1314464D9}") = "ManhattanPlot", "ManhattanPlot\ManhattanPlot.vbproj", "{B8AE7DB5-756F-4F40-AC99-D4067060AD57}"
EndProject
Project("{2150E333-8FDC-42A3-9474-1A3956D46DE8}") = "framework", "framework", "{E27C49C7-0C64-46E8-A354-B816A1A6C2D0}"
EndProject
Project("{778DAE3C-4631-46EA-AA77-85C1314464D9}") = "Core", "..\..\GCModeller\src\runtime\sciBASIC#\Microsoft.VisualBasic.Core\src\Core.vbproj", "{422AC1F0-D3BC-42D9-B23C-FB2836078D5A}"
EndProject
Global
	GlobalSection(SolutionConfigurationPlatforms) = preSolution
		CFD_win32|Any CPU = CFD_win32|Any CPU
		CFD_win32|x64 = CFD_win32|x64
		CFD_win32|x86 = CFD_win32|x86
		Debug|Any CPU = Debug|Any CPU
		Debug|x64 = Debug|x64
		Debug|x86 = Debug|x86
		Desktop|Any CPU = Desktop|Any CPU
		Desktop|x64 = Desktop|x64
		Desktop|x86 = Desktop|x86
		Docker|Any CPU = Docker|Any CPU
		Docker|x64 = Docker|x64
		Docker|x86 = Docker|x86
		docs|Any CPU = docs|Any CPU
		docs|x64 = docs|x64
		docs|x86 = docs|x86
		gcmodeller_desktop|Any CPU = gcmodeller_desktop|Any CPU
		gcmodeller_desktop|x64 = gcmodeller_desktop|x64
		gcmodeller_desktop|x86 = gcmodeller_desktop|x86
		LipidSearch|Any CPU = LipidSearch|Any CPU
		LipidSearch|x64 = LipidSearch|x64
		LipidSearch|x86 = LipidSearch|x86
		mzkit_win32|Any CPU = mzkit_win32|Any CPU
		mzkit_win32|x64 = mzkit_win32|x64
		mzkit_win32|x86 = mzkit_win32|x86
		mzkit|Any CPU = mzkit|Any CPU
		mzkit|x64 = mzkit|x64
		mzkit|x86 = mzkit|x86
		NPSearch|Any CPU = NPSearch|Any CPU
		NPSearch|x64 = NPSearch|x64
		NPSearch|x86 = NPSearch|x86
		nuget_release|Any CPU = nuget_release|Any CPU
		nuget_release|x64 = nuget_release|x64
		nuget_release|x86 = nuget_release|x86
		PlantMAT|Any CPU = PlantMAT|Any CPU
		PlantMAT|x64 = PlantMAT|x64
		PlantMAT|x86 = PlantMAT|x86
		Publish|Any CPU = Publish|Any CPU
		Publish|x64 = Publish|x64
		Publish|x86 = Publish|x86
		Release|Any CPU = Release|Any CPU
		Release|x64 = Release|x64
		Release|x86 = Release|x86
		Rsharp_app_release|Any CPU = Rsharp_app_release|Any CPU
		Rsharp_app_release|x64 = Rsharp_app_release|x64
		Rsharp_app_release|x86 = Rsharp_app_release|x86
	EndGlobalSection
	GlobalSection(ProjectConfigurationPlatforms) = postSolution
		{B8AE7DB5-756F-4F40-AC99-D4067060AD57}.CFD_win32|Any CPU.ActiveCfg = Debug|Any CPU
		{B8AE7DB5-756F-4F40-AC99-D4067060AD57}.CFD_win32|Any CPU.Build.0 = Debug|Any CPU
		{B8AE7DB5-756F-4F40-AC99-D4067060AD57}.CFD_win32|x64.ActiveCfg = Debug|Any CPU
		{B8AE7DB5-756F-4F40-AC99-D4067060AD57}.CFD_win32|x64.Build.0 = Debug|Any CPU
		{B8AE7DB5-756F-4F40-AC99-D4067060AD57}.CFD_win32|x86.ActiveCfg = Debug|Any CPU
		{B8AE7DB5-756F-4F40-AC99-D4067060AD57}.CFD_win32|x86.Build.0 = Debug|Any CPU
		{B8AE7DB5-756F-4F40-AC99-D4067060AD57}.Debug|Any CPU.ActiveCfg = Release|Any CPU
		{B8AE7DB5-756F-4F40-AC99-D4067060AD57}.Debug|Any CPU.Build.0 = Release|Any CPU
		{B8AE7DB5-756F-4F40-AC99-D4067060AD57}.Debug|x64.ActiveCfg = Debug|Any CPU
		{B8AE7DB5-756F-4F40-AC99-D4067060AD57}.Debug|x64.Build.0 = Debug|Any CPU
		{B8AE7DB5-756F-4F40-AC99-D4067060AD57}.Debug|x86.ActiveCfg = Debug|Any CPU
		{B8AE7DB5-756F-4F40-AC99-D4067060AD57}.Debug|x86.Build.0 = Debug|Any CPU
		{B8AE7DB5-756F-4F40-AC99-D4067060AD57}.Desktop|Any CPU.ActiveCfg = Debug|Any CPU
		{B8AE7DB5-756F-4F40-AC99-D4067060AD57}.Desktop|Any CPU.Build.0 = Debug|Any CPU
		{B8AE7DB5-756F-4F40-AC99-D4067060AD57}.Desktop|x64.ActiveCfg = Debug|Any CPU
		{B8AE7DB5-756F-4F40-AC99-D4067060AD57}.Desktop|x64.Build.0 = Debug|Any CPU
		{B8AE7DB5-756F-4F40-AC99-D4067060AD57}.Desktop|x86.ActiveCfg = Debug|Any CPU
		{B8AE7DB5-756F-4F40-AC99-D4067060AD57}.Desktop|x86.Build.0 = Debug|Any CPU
		{B8AE7DB5-756F-4F40-AC99-D4067060AD57}.Docker|Any CPU.ActiveCfg = Debug|Any CPU
		{B8AE7DB5-756F-4F40-AC99-D4067060AD57}.Docker|Any CPU.Build.0 = Debug|Any CPU
		{B8AE7DB5-756F-4F40-AC99-D4067060AD57}.Docker|x64.ActiveCfg = Debug|Any CPU
		{B8AE7DB5-756F-4F40-AC99-D4067060AD57}.Docker|x64.Build.0 = Debug|Any CPU
		{B8AE7DB5-756F-4F40-AC99-D4067060AD57}.Docker|x86.ActiveCfg = Debug|Any CPU
		{B8AE7DB5-756F-4F40-AC99-D4067060AD57}.Docker|x86.Build.0 = Debug|Any CPU
		{B8AE7DB5-756F-4F40-AC99-D4067060AD57}.docs|Any CPU.ActiveCfg = Debug|Any CPU
		{B8AE7DB5-756F-4F40-AC99-D4067060AD57}.docs|Any CPU.Build.0 = Debug|Any CPU
		{B8AE7DB5-756F-4F40-AC99-D4067060AD57}.docs|x64.ActiveCfg = Debug|Any CPU
		{B8AE7DB5-756F-4F40-AC99-D4067060AD57}.docs|x64.Build.0 = Debug|Any CPU
		{B8AE7DB5-756F-4F40-AC99-D4067060AD57}.docs|x86.ActiveCfg = Debug|Any CPU
		{B8AE7DB5-756F-4F40-AC99-D4067060AD57}.docs|x86.Build.0 = Debug|Any CPU
		{B8AE7DB5-756F-4F40-AC99-D4067060AD57}.gcmodeller_desktop|Any CPU.ActiveCfg = Debug|Any CPU
		{B8AE7DB5-756F-4F40-AC99-D4067060AD57}.gcmodeller_desktop|Any CPU.Build.0 = Debug|Any CPU
		{B8AE7DB5-756F-4F40-AC99-D4067060AD57}.gcmodeller_desktop|x64.ActiveCfg = Debug|Any CPU
		{B8AE7DB5-756F-4F40-AC99-D4067060AD57}.gcmodeller_desktop|x64.Build.0 = Debug|Any CPU
		{B8AE7DB5-756F-4F40-AC99-D4067060AD57}.gcmodeller_desktop|x86.ActiveCfg = Debug|Any CPU
		{B8AE7DB5-756F-4F40-AC99-D4067060AD57}.gcmodeller_desktop|x86.Build.0 = Debug|Any CPU
		{B8AE7DB5-756F-4F40-AC99-D4067060AD57}.LipidSearch|Any CPU.ActiveCfg = Debug|Any CPU
		{B8AE7DB5-756F-4F40-AC99-D4067060AD57}.LipidSearch|Any CPU.Build.0 = Debug|Any CPU
		{B8AE7DB5-756F-4F40-AC99-D4067060AD57}.LipidSearch|x64.ActiveCfg = Debug|Any CPU
		{B8AE7DB5-756F-4F40-AC99-D4067060AD57}.LipidSearch|x64.Build.0 = Debug|Any CPU
		{B8AE7DB5-756F-4F40-AC99-D4067060AD57}.LipidSearch|x86.ActiveCfg = Debug|Any CPU
		{B8AE7DB5-756F-4F40-AC99-D4067060AD57}.LipidSearch|x86.Build.0 = Debug|Any CPU
		{B8AE7DB5-756F-4F40-AC99-D4067060AD57}.mzkit_win32|Any CPU.ActiveCfg = Debug|Any CPU
		{B8AE7DB5-756F-4F40-AC99-D4067060AD57}.mzkit_win32|Any CPU.Build.0 = Debug|Any CPU
		{B8AE7DB5-756F-4F40-AC99-D4067060AD57}.mzkit_win32|x64.ActiveCfg = Debug|Any CPU
		{B8AE7DB5-756F-4F40-AC99-D4067060AD57}.mzkit_win32|x64.Build.0 = Debug|Any CPU
		{B8AE7DB5-756F-4F40-AC99-D4067060AD57}.mzkit_win32|x86.ActiveCfg = Debug|Any CPU
		{B8AE7DB5-756F-4F40-AC99-D4067060AD57}.mzkit_win32|x86.Build.0 = Debug|Any CPU
		{B8AE7DB5-756F-4F40-AC99-D4067060AD57}.mzkit|Any CPU.ActiveCfg = Debug|Any CPU
		{B8AE7DB5-756F-4F40-AC99-D4067060AD57}.mzkit|Any CPU.Build.0 = Debug|Any CPU
		{B8AE7DB5-756F-4F40-AC99-D4067060AD57}.mzkit|x64.ActiveCfg = Debug|Any CPU
		{B8AE7DB5-756F-4F40-AC99-D4067060AD57}.mzkit|x64.Build.0 = Debug|Any CPU
		{B8AE7DB5-756F-4F40-AC99-D4067060AD57}.mzkit|x86.ActiveCfg = Debug|Any CPU
		{B8AE7DB5-756F-4F40-AC99-D4067060AD57}.mzkit|x86.Build.0 = Debug|Any CPU
		{B8AE7DB5-756F-4F40-AC99-D4067060AD57}.NPSearch|Any CPU.ActiveCfg = Debug|Any CPU
		{B8AE7DB5-756F-4F40-AC99-D4067060AD57}.NPSearch|Any CPU.Build.0 = Debug|Any CPU
		{B8AE7DB5-756F-4F40-AC99-D4067060AD57}.NPSearch|x64.ActiveCfg = Debug|Any CPU
		{B8AE7DB5-756F-4F40-AC99-D4067060AD57}.NPSearch|x64.Build.0 = Debug|Any CPU
		{B8AE7DB5-756F-4F40-AC99-D4067060AD57}.NPSearch|x86.ActiveCfg = Debug|Any CPU
		{B8AE7DB5-756F-4F40-AC99-D4067060AD57}.NPSearch|x86.Build.0 = Debug|Any CPU
		{B8AE7DB5-756F-4F40-AC99-D4067060AD57}.nuget_release|Any CPU.ActiveCfg = Debug|Any CPU
		{B8AE7DB5-756F-4F40-AC99-D4067060AD57}.nuget_release|Any CPU.Build.0 = Debug|Any CPU
		{B8AE7DB5-756F-4F40-AC99-D4067060AD57}.nuget_release|x64.ActiveCfg = Debug|Any CPU
		{B8AE7DB5-756F-4F40-AC99-D4067060AD57}.nuget_release|x64.Build.0 = Debug|Any CPU
		{B8AE7DB5-756F-4F40-AC99-D4067060AD57}.nuget_release|x86.ActiveCfg = Debug|Any CPU
		{B8AE7DB5-756F-4F40-AC99-D4067060AD57}.nuget_release|x86.Build.0 = Debug|Any CPU
		{B8AE7DB5-756F-4F40-AC99-D4067060AD57}.PlantMAT|Any CPU.ActiveCfg = Debug|Any CPU
		{B8AE7DB5-756F-4F40-AC99-D4067060AD57}.PlantMAT|Any CPU.Build.0 = Debug|Any CPU
		{B8AE7DB5-756F-4F40-AC99-D4067060AD57}.PlantMAT|x64.ActiveCfg = Debug|Any CPU
		{B8AE7DB5-756F-4F40-AC99-D4067060AD57}.PlantMAT|x64.Build.0 = Debug|Any CPU
		{B8AE7DB5-756F-4F40-AC99-D4067060AD57}.PlantMAT|x86.ActiveCfg = Debug|Any CPU
		{B8AE7DB5-756F-4F40-AC99-D4067060AD57}.PlantMAT|x86.Build.0 = Debug|Any CPU
		{B8AE7DB5-756F-4F40-AC99-D4067060AD57}.Publish|Any CPU.ActiveCfg = Release|Any CPU
		{B8AE7DB5-756F-4F40-AC99-D4067060AD57}.Publish|Any CPU.Build.0 = Release|Any CPU
		{B8AE7DB5-756F-4F40-AC99-D4067060AD57}.Publish|x64.ActiveCfg = Release|Any CPU
		{B8AE7DB5-756F-4F40-AC99-D4067060AD57}.Publish|x64.Build.0 = Release|Any CPU
		{B8AE7DB5-756F-4F40-AC99-D4067060AD57}.Publish|x86.ActiveCfg = Release|Any CPU
		{B8AE7DB5-756F-4F40-AC99-D4067060AD57}.Publish|x86.Build.0 = Release|Any CPU
		{B8AE7DB5-756F-4F40-AC99-D4067060AD57}.Release|Any CPU.ActiveCfg = Release|Any CPU
		{B8AE7DB5-756F-4F40-AC99-D4067060AD57}.Release|Any CPU.Build.0 = Release|Any CPU
		{B8AE7DB5-756F-4F40-AC99-D4067060AD57}.Release|x64.ActiveCfg = Release|Any CPU
		{B8AE7DB5-756F-4F40-AC99-D4067060AD57}.Release|x64.Build.0 = Release|Any CPU
		{B8AE7DB5-756F-4F40-AC99-D4067060AD57}.Release|x86.ActiveCfg = Release|Any CPU
		{B8AE7DB5-756F-4F40-AC99-D4067060AD57}.Release|x86.Build.0 = Release|Any CPU
		{B8AE7DB5-756F-4F40-AC99-D4067060AD57}.Rsharp_app_release|Any CPU.ActiveCfg = Release|Any CPU
		{B8AE7DB5-756F-4F40-AC99-D4067060AD57}.Rsharp_app_release|Any CPU.Build.0 = Release|Any CPU
		{B8AE7DB5-756F-4F40-AC99-D4067060AD57}.Rsharp_app_release|x64.ActiveCfg = Release|Any CPU
		{B8AE7DB5-756F-4F40-AC99-D4067060AD57}.Rsharp_app_release|x64.Build.0 = Release|Any CPU
		{B8AE7DB5-756F-4F40-AC99-D4067060AD57}.Rsharp_app_release|x86.ActiveCfg = Release|Any CPU
		{B8AE7DB5-756F-4F40-AC99-D4067060AD57}.Rsharp_app_release|x86.Build.0 = Release|Any CPU
		{422AC1F0-D3BC-42D9-B23C-FB2836078D5A}.CFD_win32|Any CPU.ActiveCfg = CFD_win32|Any CPU
		{422AC1F0-D3BC-42D9-B23C-FB2836078D5A}.CFD_win32|Any CPU.Build.0 = CFD_win32|Any CPU
		{422AC1F0-D3BC-42D9-B23C-FB2836078D5A}.CFD_win32|x64.ActiveCfg = CFD_win32|x64
		{422AC1F0-D3BC-42D9-B23C-FB2836078D5A}.CFD_win32|x64.Build.0 = CFD_win32|x64
		{422AC1F0-D3BC-42D9-B23C-FB2836078D5A}.CFD_win32|x86.ActiveCfg = CFD_win32|x86
		{422AC1F0-D3BC-42D9-B23C-FB2836078D5A}.CFD_win32|x86.Build.0 = CFD_win32|x86
		{422AC1F0-D3BC-42D9-B23C-FB2836078D5A}.Debug|Any CPU.ActiveCfg = Debug|Any CPU
		{422AC1F0-D3BC-42D9-B23C-FB2836078D5A}.Debug|Any CPU.Build.0 = Debug|Any CPU
		{422AC1F0-D3BC-42D9-B23C-FB2836078D5A}.Debug|x64.ActiveCfg = Debug|x64
		{422AC1F0-D3BC-42D9-B23C-FB2836078D5A}.Debug|x64.Build.0 = Debug|x64
		{422AC1F0-D3BC-42D9-B23C-FB2836078D5A}.Debug|x86.ActiveCfg = Debug|x86
		{422AC1F0-D3BC-42D9-B23C-FB2836078D5A}.Debug|x86.Build.0 = Debug|x86
		{422AC1F0-D3BC-42D9-B23C-FB2836078D5A}.Desktop|Any CPU.ActiveCfg = Desktop|Any CPU
		{422AC1F0-D3BC-42D9-B23C-FB2836078D5A}.Desktop|Any CPU.Build.0 = Desktop|Any CPU
		{422AC1F0-D3BC-42D9-B23C-FB2836078D5A}.Desktop|x64.ActiveCfg = Desktop|x64
		{422AC1F0-D3BC-42D9-B23C-FB2836078D5A}.Desktop|x64.Build.0 = Desktop|x64
		{422AC1F0-D3BC-42D9-B23C-FB2836078D5A}.Desktop|x86.ActiveCfg = Desktop|x86
		{422AC1F0-D3BC-42D9-B23C-FB2836078D5A}.Desktop|x86.Build.0 = Desktop|x86
		{422AC1F0-D3BC-42D9-B23C-FB2836078D5A}.Docker|Any CPU.ActiveCfg = Docker|Any CPU
		{422AC1F0-D3BC-42D9-B23C-FB2836078D5A}.Docker|Any CPU.Build.0 = Docker|Any CPU
		{422AC1F0-D3BC-42D9-B23C-FB2836078D5A}.Docker|x64.ActiveCfg = Docker|x64
		{422AC1F0-D3BC-42D9-B23C-FB2836078D5A}.Docker|x64.Build.0 = Docker|x64
		{422AC1F0-D3BC-42D9-B23C-FB2836078D5A}.Docker|x86.ActiveCfg = Docker|x86
		{422AC1F0-D3BC-42D9-B23C-FB2836078D5A}.Docker|x86.Build.0 = Docker|x86
		{422AC1F0-D3BC-42D9-B23C-FB2836078D5A}.docs|Any CPU.ActiveCfg = Docker|Any CPU
		{422AC1F0-D3BC-42D9-B23C-FB2836078D5A}.docs|Any CPU.Build.0 = Docker|Any CPU
		{422AC1F0-D3BC-42D9-B23C-FB2836078D5A}.docs|x64.ActiveCfg = Docker|x64
		{422AC1F0-D3BC-42D9-B23C-FB2836078D5A}.docs|x64.Build.0 = Docker|x64
		{422AC1F0-D3BC-42D9-B23C-FB2836078D5A}.docs|x86.ActiveCfg = Docker|x86
		{422AC1F0-D3BC-42D9-B23C-FB2836078D5A}.docs|x86.Build.0 = Docker|x86
		{422AC1F0-D3BC-42D9-B23C-FB2836078D5A}.gcmodeller_desktop|Any CPU.ActiveCfg = gcmodeller_desktop|Any CPU
		{422AC1F0-D3BC-42D9-B23C-FB2836078D5A}.gcmodeller_desktop|Any CPU.Build.0 = gcmodeller_desktop|Any CPU
		{422AC1F0-D3BC-42D9-B23C-FB2836078D5A}.gcmodeller_desktop|x64.ActiveCfg = gcmodeller_desktop|x64
		{422AC1F0-D3BC-42D9-B23C-FB2836078D5A}.gcmodeller_desktop|x64.Build.0 = gcmodeller_desktop|x64
		{422AC1F0-D3BC-42D9-B23C-FB2836078D5A}.gcmodeller_desktop|x86.ActiveCfg = gcmodeller_desktop|x86
		{422AC1F0-D3BC-42D9-B23C-FB2836078D5A}.gcmodeller_desktop|x86.Build.0 = gcmodeller_desktop|x86
		{422AC1F0-D3BC-42D9-B23C-FB2836078D5A}.LipidSearch|Any CPU.ActiveCfg = LipidSearch|Any CPU
		{422AC1F0-D3BC-42D9-B23C-FB2836078D5A}.LipidSearch|Any CPU.Build.0 = LipidSearch|Any CPU
		{422AC1F0-D3BC-42D9-B23C-FB2836078D5A}.LipidSearch|x64.ActiveCfg = LipidSearch|x64
		{422AC1F0-D3BC-42D9-B23C-FB2836078D5A}.LipidSearch|x64.Build.0 = LipidSearch|x64
		{422AC1F0-D3BC-42D9-B23C-FB2836078D5A}.LipidSearch|x86.ActiveCfg = LipidSearch|x86
		{422AC1F0-D3BC-42D9-B23C-FB2836078D5A}.LipidSearch|x86.Build.0 = LipidSearch|x86
		{422AC1F0-D3BC-42D9-B23C-FB2836078D5A}.mzkit_win32|Any CPU.ActiveCfg = mzkit_win32|Any CPU
		{422AC1F0-D3BC-42D9-B23C-FB2836078D5A}.mzkit_win32|Any CPU.Build.0 = mzkit_win32|Any CPU
		{422AC1F0-D3BC-42D9-B23C-FB2836078D5A}.mzkit_win32|x64.ActiveCfg = mzkit_win32|x64
		{422AC1F0-D3BC-42D9-B23C-FB2836078D5A}.mzkit_win32|x64.Build.0 = mzkit_win32|x64
		{422AC1F0-D3BC-42D9-B23C-FB2836078D5A}.mzkit_win32|x86.ActiveCfg = mzkit_win32|x86
		{422AC1F0-D3BC-42D9-B23C-FB2836078D5A}.mzkit_win32|x86.Build.0 = mzkit_win32|x86
		{422AC1F0-D3BC-42D9-B23C-FB2836078D5A}.mzkit|Any CPU.ActiveCfg = mzkit|Any CPU
		{422AC1F0-D3BC-42D9-B23C-FB2836078D5A}.mzkit|Any CPU.Build.0 = mzkit|Any CPU
		{422AC1F0-D3BC-42D9-B23C-FB2836078D5A}.mzkit|x64.ActiveCfg = mzkit|x64
		{422AC1F0-D3BC-42D9-B23C-FB2836078D5A}.mzkit|x64.Build.0 = mzkit|x64
		{422AC1F0-D3BC-42D9-B23C-FB2836078D5A}.mzkit|x86.ActiveCfg = mzkit|x86
		{422AC1F0-D3BC-42D9-B23C-FB2836078D5A}.mzkit|x86.Build.0 = mzkit|x86
		{422AC1F0-D3BC-42D9-B23C-FB2836078D5A}.NPSearch|Any CPU.ActiveCfg = NPSearch|Any CPU
		{422AC1F0-D3BC-42D9-B23C-FB2836078D5A}.NPSearch|Any CPU.Build.0 = NPSearch|Any CPU
		{422AC1F0-D3BC-42D9-B23C-FB2836078D5A}.NPSearch|x64.ActiveCfg = NPSearch|x64
		{422AC1F0-D3BC-42D9-B23C-FB2836078D5A}.NPSearch|x64.Build.0 = NPSearch|x64
		{422AC1F0-D3BC-42D9-B23C-FB2836078D5A}.NPSearch|x86.ActiveCfg = NPSearch|x86
		{422AC1F0-D3BC-42D9-B23C-FB2836078D5A}.NPSearch|x86.Build.0 = NPSearch|x86
		{422AC1F0-D3BC-42D9-B23C-FB2836078D5A}.nuget_release|Any CPU.ActiveCfg = nuget_release|Any CPU
		{422AC1F0-D3BC-42D9-B23C-FB2836078D5A}.nuget_release|Any CPU.Build.0 = nuget_release|Any CPU
		{422AC1F0-D3BC-42D9-B23C-FB2836078D5A}.nuget_release|x64.ActiveCfg = nuget_release|x64
		{422AC1F0-D3BC-42D9-B23C-FB2836078D5A}.nuget_release|x64.Build.0 = nuget_release|x64
		{422AC1F0-D3BC-42D9-B23C-FB2836078D5A}.nuget_release|x86.ActiveCfg = nuget_release|x86
		{422AC1F0-D3BC-42D9-B23C-FB2836078D5A}.nuget_release|x86.Build.0 = nuget_release|x86
		{422AC1F0-D3BC-42D9-B23C-FB2836078D5A}.PlantMAT|Any CPU.ActiveCfg = PlantMAT|Any CPU
		{422AC1F0-D3BC-42D9-B23C-FB2836078D5A}.PlantMAT|Any CPU.Build.0 = PlantMAT|Any CPU
		{422AC1F0-D3BC-42D9-B23C-FB2836078D5A}.PlantMAT|x64.ActiveCfg = PlantMAT|x64
		{422AC1F0-D3BC-42D9-B23C-FB2836078D5A}.PlantMAT|x64.Build.0 = PlantMAT|x64
		{422AC1F0-D3BC-42D9-B23C-FB2836078D5A}.PlantMAT|x86.ActiveCfg = PlantMAT|x86
		{422AC1F0-D3BC-42D9-B23C-FB2836078D5A}.PlantMAT|x86.Build.0 = PlantMAT|x86
		{422AC1F0-D3BC-42D9-B23C-FB2836078D5A}.Publish|Any CPU.ActiveCfg = PlantMAT|Any CPU
		{422AC1F0-D3BC-42D9-B23C-FB2836078D5A}.Publish|Any CPU.Build.0 = PlantMAT|Any CPU
		{422AC1F0-D3BC-42D9-B23C-FB2836078D5A}.Publish|x64.ActiveCfg = PlantMAT|x64
		{422AC1F0-D3BC-42D9-B23C-FB2836078D5A}.Publish|x64.Build.0 = PlantMAT|x64
		{422AC1F0-D3BC-42D9-B23C-FB2836078D5A}.Publish|x86.ActiveCfg = PlantMAT|x86
		{422AC1F0-D3BC-42D9-B23C-FB2836078D5A}.Publish|x86.Build.0 = PlantMAT|x86
		{422AC1F0-D3BC-42D9-B23C-FB2836078D5A}.Release|Any CPU.ActiveCfg = Release|Any CPU
		{422AC1F0-D3BC-42D9-B23C-FB2836078D5A}.Release|Any CPU.Build.0 = Release|Any CPU
		{422AC1F0-D3BC-42D9-B23C-FB2836078D5A}.Release|x64.ActiveCfg = Release|x64
		{422AC1F0-D3BC-42D9-B23C-FB2836078D5A}.Release|x64.Build.0 = Release|x64
		{422AC1F0-D3BC-42D9-B23C-FB2836078D5A}.Release|x86.ActiveCfg = Release|x86
		{422AC1F0-D3BC-42D9-B23C-FB2836078D5A}.Release|x86.Build.0 = Release|x86
		{422AC1F0-D3BC-42D9-B23C-FB2836078D5A}.Rsharp_app_release|Any CPU.ActiveCfg = Rsharp_app_release|Any CPU
		{422AC1F0-D3BC-42D9-B23C-FB2836078D5A}.Rsharp_app_release|Any CPU.Build.0 = Rsharp_app_release|Any CPU
		{422AC1F0-D3BC-42D9-B23C-FB2836078D5A}.Rsharp_app_release|x64.ActiveCfg = Rsharp_app_release|x64
		{422AC1F0-D3BC-42D9-B23C-FB2836078D5A}.Rsharp_app_release|x64.Build.0 = Rsharp_app_release|x64
		{422AC1F0-D3BC-42D9-B23C-FB2836078D5A}.Rsharp_app_release|x86.ActiveCfg = Rsharp_app_release|x86
		{422AC1F0-D3BC-42D9-B23C-FB2836078D5A}.Rsharp_app_release|x86.Build.0 = Rsharp_app_release|x86
	EndGlobalSection
	GlobalSection(SolutionProperties) = preSolution
		HideSolutionNode = FALSE
	EndGlobalSection
	GlobalSection(NestedProjects) = preSolution
		{422AC1F0-D3BC-42D9-B23C-FB2836078D5A} = {E27C49C7-0C64-46E8-A354-B816A1A6C2D0}
	EndGlobalSection
EndGlobal
